// !$*UTF8*$!
{
	archiveVersion = 1;
	classes = {
	};
	objectVersion = 56;
	objects = {

/* Begin PBXBuildFile section */
		B09E65652ECA56D900421364 /* StoryMateApp.swift in Sources */ = {isa = PBXBuildFile; fileRef = B09E65642ECA56D900421364 /* StoryMateApp.swift */; };
		B09E65672ECA56D900421364 /* ContentView.swift in Sources */ = {isa = PBXBuildFile; fileRef = B09E65662ECA56D900421364 /* ContentView.swift */; };
		B09E65692ECA56D900421364 /* Assets.xcassets in Resources */ = {isa = PBXBuildFile; fileRef = B09E65682ECA56D900421364 /* Assets.xcassets */; };
		B09E656C2ECA56D900421364 /* Preview Assets.xcassets in Resources */ = {isa = PBXBuildFile; fileRef = B09E656B2ECA56D900421364 /* Preview Assets.xcassets */; };
		B09E656E2ECA56D900421364 /* Persistence.swift in Sources */ = {isa = PBXBuildFile; fileRef = B09E656D2ECA56D900421364 /* Persistence.swift */; };
		B09E65712ECA56D900421364 /* StoryMate.xcdatamodeld in Sources */ = {isa = PBXBuildFile; fileRef = B09E656F2ECA56D900421364 /* StoryMate.xcdatamodeld */; };
		B09E657A2ECA595C00421364 /* Models.swift in Sources */ = {isa = PBXBuildFile; fileRef = B09E65792ECA595C00421364 /* Models.swift */; };
		B09E657C2ECA597A00421364 /* ApiService.swift in Sources */ = {isa = PBXBuildFile; fileRef = B09E657B2ECA597A00421364 /* ApiService.swift */; };
		B09E657E2ECA59B100421364 /* ViewModel.swift in Sources */ = {isa = PBXBuildFile; fileRef = B09E657D2ECA59B100421364 /* ViewModel.swift */; };
		B09E65802ECA59CA00421364 /* ChatPage.swift in Sources */ = {isa = PBXBuildFile; fileRef = B09E657F2ECA59CA00421364 /* ChatPage.swift */; };
		B0EBFD5C2ECB445400D39644 /* PressStart2P-Regular.ttf in Resources */ = {isa = PBXBuildFile; fileRef = B0EBFD5B2ECB445400D39644 /* PressStart2P-Regular.ttf */; };
/* End PBXBuildFile section */

/* Begin PBXFileReference section */
		B09E65612ECA56D900421364 /* StoryMate.app */ = {isa = PBXFileReference; explicitFileType = wrapper.application; includeInIndex = 0; path = StoryMate.app; sourceTree = BUILT_PRODUCTS_DIR; };
		B09E65642ECA56D900421364 /* StoryMateApp.swift */ = {isa = PBXFileReference; lastKnownFileType = sourcecode.swift; path = StoryMateApp.swift; sourceTree = "<group>"; };
		B09E65662ECA56D900421364 /* ContentView.swift */ = {isa = PBXFileReference; lastKnownFileType = sourcecode.swift; path = ContentView.swift; sourceTree = "<group>"; };
		B09E65682ECA56D900421364 /* Assets.xcassets */ = {isa = PBXFileReference; lastKnownFileType = folder.assetcatalog; path = Assets.xcassets; sourceTree = "<group>"; };
		B09E656B2ECA56D900421364 /* Preview Assets.xcassets */ = {isa = PBXFileReference; lastKnownFileType = folder.assetcatalog; path = "Preview Assets.xcassets"; sourceTree = "<group>"; };
		B09E656D2ECA56D900421364 /* Persistence.swift */ = {isa = PBXFileReference; lastKnownFileType = sourcecode.swift; path = Persistence.swift; sourceTree = "<group>"; };
		B09E65702ECA56D900421364 /* StoryMate.xcdatamodel */ = {isa = PBXFileReference; lastKnownFileType = wrapper.xcdatamodel; path = StoryMate.xcdatamodel; sourceTree = "<group>"; };
		B09E65792ECA595C00421364 /* Models.swift */ = {isa = PBXFileReference; lastKnownFileType = sourcecode.swift; path = Models.swift; sourceTree = "<group>"; };
		B09E657B2ECA597A00421364 /* ApiService.swift */ = {isa = PBXFileReference; lastKnownFileType = sourcecode.swift; path = ApiService.swift; sourceTree = "<group>"; };
		B09E657D2ECA59B100421364 /* ViewModel.swift */ = {isa = PBXFileReference; lastKnownFileType = sourcecode.swift; path = ViewModel.swift; sourceTree = "<group>"; };
		B09E657F2ECA59CA00421364 /* ChatPage.swift */ = {isa = PBXFileReference; lastKnownFileType = sourcecode.swift; path = ChatPage.swift; sourceTree = "<group>"; };
		B0EBFD5B2ECB445400D39644 /* PressStart2P-Regular.ttf */ = {isa = PBXFileReference; lastKnownFileType = file; path = "PressStart2P-Regular.ttf"; sourceTree = "<group>"; };
		B0EBFD5D2ECB456800D39644 /* Info.plist */ = {isa = PBXFileReference; lastKnownFileType = text.plist; path = Info.plist; sourceTree = "<group>"; };
/* End PBXFileReference section */

/* Begin PBXFrameworksBuildPhase section */
		B09E655E2ECA56D900421364 /* Frameworks */ = {
			isa = PBXFrameworksBuildPhase;
			buildActionMask = 2147483647;
			files = (
			);
			runOnlyForDeploymentPostprocessing = 0;
		};
/* End PBXFrameworksBuildPhase section */

/* Begin PBXGroup section */
		B09E65582ECA56D900421364 = {
			isa = PBXGroup;
			children = (
				B09E65632ECA56D900421364 /* StoryMate */,
				B09E65622ECA56D900421364 /* Products */,
			);
			sourceTree = "<group>";
		};
		B09E65622ECA56D900421364 /* Products */ = {
			isa = PBXGroup;
			children = (
				B09E65612ECA56D900421364 /* StoryMate.app */,
			);
			name = Products;
			sourceTree = "<group>";
		};
		B09E65632ECA56D900421364 /* StoryMate */ = {
			isa = PBXGroup;
			children = (
				B0EBFD5B2ECB445400D39644 /* PressStart2P-Regular.ttf */,
				B0EBFD5D2ECB456800D39644 /* Info.plist */,
				B09E65642ECA56D900421364 /* StoryMateApp.swift */,
				B09E65662ECA56D900421364 /* ContentView.swift */,
				B09E65682ECA56D900421364 /* Assets.xcassets */,
				B09E656D2ECA56D900421364 /* Persistence.swift */,
				B09E656F2ECA56D900421364 /* StoryMate.xcdatamodeld */,
				B09E656A2ECA56D900421364 /* Preview Content */,
				B09E65792ECA595C00421364 /* Models.swift */,
				B09E657B2ECA597A00421364 /* ApiService.swift */,
				B09E657D2ECA59B100421364 /* ViewModel.swift */,
				B09E657F2ECA59CA00421364 /* ChatPage.swift */,
			);
			path = StoryMate;
			sourceTree = "<group>";
		};
		B09E656A2ECA56D900421364 /* Preview Content */ = {
			isa = PBXGroup;
			children = (
				B09E656B2ECA56D900421364 /* Preview Assets.xcassets */,
			);
			path = "Preview Content";
			sourceTree = "<group>";
		};
/* End PBXGroup section */

/* Begin PBXNativeTarget section */
		B09E65602ECA56D900421364 /* StoryMate */ = {
			isa = PBXNativeTarget;
			buildConfigurationList = B09E65742ECA56D900421364 /* Build configuration list for PBXNativeTarget "StoryMate" */;
			buildPhases = (
				B09E655D2ECA56D900421364 /* Sources */,
				B09E655E2ECA56D900421364 /* Frameworks */,
				B09E655F2ECA56D900421364 /* Resources */,
			);
			buildRules = (
			);
			dependencies = (
			);
			name = StoryMate;
			productName = StoryMate;
			productReference = B09E65612ECA56D900421364 /* StoryMate.app */;
			productType = "com.apple.product-type.application";
		};
/* End PBXNativeTarget section */

/* Begin PBXProject section */
		B09E65592ECA56D900421364 /* Project object */ = {
			isa = PBXProject;
			attributes = {
				BuildIndependentTargetsInParallel = 1;
				LastSwiftUpdateCheck = 1410;
				LastUpgradeCheck = 1410;
				TargetAttributes = {
					B09E65602ECA56D900421364 = {
						CreatedOnToolsVersion = 14.1;
					};
				};
			};
			buildConfigurationList = B09E655C2ECA56D900421364 /* Build configuration list for PBXProject "StoryMate" */;
			compatibilityVersion = "Xcode 14.0";
			developmentRegion = en;
			hasScannedForEncodings = 0;
			knownRegions = (
				en,
				Base,
			);
			mainGroup = B09E65582ECA56D900421364;
			productRefGroup = B09E65622ECA56D900421364 /* Products */;
			projectDirPath = "";
			projectRoot = "";
			targets = (
				B09E65602ECA56D900421364 /* StoryMate */,
			);
		};
/* End PBXProject section */

/* Begin PBXResourcesBuildPhase section */
		B09E655F2ECA56D900421364 /* Resources */ = {
			isa = PBXResourcesBuildPhase;
			buildActionMask = 2147483647;
			files = (
				B0EBFD5C2ECB445400D39644 /* PressStart2P-Regular.ttf in Resources */,
				B09E656C2ECA56D900421364 /* Preview Assets.xcassets in Resources */,
				B09E65692ECA56D900421364 /* Assets.xcassets in Resources */,
			);
			runOnlyForDeploymentPostprocessing = 0;
		};
/* End PBXResourcesBuildPhase section */

/* Begin PBXSourcesBuildPhase section */
		B09E655D2ECA56D900421364 /* Sources */ = {
			isa = PBXSourcesBuildPhase;
			buildActionMask = 2147483647;
			files = (
				B09E656E2ECA56D900421364 /* Persistence.swift in Sources */,
				B09E65672ECA56D900421364 /* ContentView.swift in Sources */,
				B09E657C2ECA597A00421364 /* ApiService.swift in Sources */,
				B09E657A2ECA595C00421364 /* Models.swift in Sources */,
				B09E65712ECA56D900421364 /* StoryMate.xcdatamodeld in Sources */,
				B09E65652ECA56D900421364 /* StoryMateApp.swift in Sources */,
				B09E65802ECA59CA00421364 /* ChatPage.swift in Sources */,
				B09E657E2ECA59B100421364 /* ViewModel.swift in Sources */,
			);
			runOnlyForDeploymentPostprocessing = 0;
		};
/* End PBXSourcesBuildPhase section */

/* Begin XCBuildConfiguration section */
		B09E65722ECA56D900421364 /* Debug */ = {
			isa = XCBuildConfiguration;
			buildSettings = {
				ALWAYS_SEARCH_USER_PATHS = NO;
				CLANG_ANALYZER_NONNULL = YES;
				CLANG_ANALYZER_NUMBER_OBJECT_CONVERSION = YES_AGGRESSIVE;
				CLANG_CXX_LANGUAGE_STANDARD = "gnu++20";
				CLANG_ENABLE_MODULES = YES;
				CLANG_ENABLE_OBJC_ARC = YES;
				CLANG_ENABLE_OBJC_WEAK = YES;
				CLANG_WARN_BLOCK_CAPTURE_AUTORELEASING = YES;
				CLANG_WARN_BOOL_CONVERSION = YES;
				CLANG_WARN_COMMA = YES;
				CLANG_WARN_CONSTANT_CONVERSION = YES;
				CLANG_WARN_DEPRECATED_OBJC_IMPLEMENTATIONS = YES;
				CLANG_WARN_DIRECT_OBJC_ISA_USAGE = YES_ERROR;
				CLANG_WARN_DOCUMENTATION_COMMENTS = YES;
				CLANG_WARN_EMPTY_BODY = YES;
				CLANG_WARN_ENUM_CONVERSION = YES;
				CLANG_WARN_INFINITE_RECURSION = YES;
				CLANG_WARN_INT_CONVERSION = YES;
				CLANG_WARN_NON_LITERAL_NULL_CONVERSION = YES;
				CLANG_WARN_OBJC_IMPLICIT_RETAIN_SELF = YES;
				CLANG_WARN_OBJC_LITERAL_CONVERSION = YES;
				CLANG_WARN_OBJC_ROOT_CLASS = YES_ERROR;
				CLANG_WARN_QUOTED_INCLUDE_IN_FRAMEWORK_HEADER = YES;
				CLANG_WARN_RANGE_LOOP_ANALYSIS = YES;
				CLANG_WARN_STRICT_PROTOTYPES = YES;
				CLANG_WARN_SUSPICIOUS_MOVE = YES;
				CLANG_WARN_UNGUARDED_AVAILABILITY = YES_AGGRESSIVE;
				CLANG_WARN_UNREACHABLE_CODE = YES;
				CLANG_WARN__DUPLICATE_METHOD_MATCH = YES;
				COPY_PHASE_STRIP = NO;
				DEBUG_INFORMATION_FORMAT = dwarf;
				ENABLE_STRICT_OBJC_MSGSEND = YES;
				ENABLE_TESTABILITY = YES;
				GCC_C_LANGUAGE_STANDARD = gnu11;
				GCC_DYNAMIC_NO_PIC = NO;
				GCC_NO_COMMON_BLOCKS = YES;
				GCC_OPTIMIZATION_LEVEL = 0;
				GCC_PREPROCESSOR_DEFINITIONS = (
					"DEBUG=1",
					"$(inherited)",
				);
				GCC_WARN_64_TO_32_BIT_CONVERSION = YES;
				GCC_WARN_ABOUT_RETURN_TYPE = YES_ERROR;
				GCC_WARN_UNDECLARED_SELECTOR = YES;
				GCC_WARN_UNINITIALIZED_AUTOS = YES_AGGRESSIVE;
				GCC_WARN_UNUSED_FUNCTION = YES;
				GCC_WARN_UNUSED_VARIABLE = YES;
				IPHONEOS_DEPLOYMENT_TARGET = 16.1;
				MTL_ENABLE_DEBUG_INFO = INCLUDE_SOURCE;
				MTL_FAST_MATH = YES;
				ONLY_ACTIVE_ARCH = YES;
				SDKROOT = iphoneos;
				SWIFT_ACTIVE_COMPILATION_CONDITIONS = DEBUG;
				SWIFT_OPTIMIZATION_LEVEL = "-Onone";
			};
			name = Debug;
		};
		B09E65732ECA56D900421364 /* Release */ = {
			isa = XCBuildConfiguration;
			buildSettings = {
				ALWAYS_SEARCH_USER_PATHS = NO;
				CLANG_ANALYZER_NONNULL = YES;
				CLANG_ANALYZER_NUMBER_OBJECT_CONVERSION = YES_AGGRESSIVE;
				CLANG_CXX_LANGUAGE_STANDARD = "gnu++20";
				CLANG_ENABLE_MODULES = YES;
				CLANG_ENABLE_OBJC_ARC = YES;
				CLANG_ENABLE_OBJC_WEAK = YES;
				CLANG_WARN_BLOCK_CAPTURE_AUTORELEASING = YES;
				CLANG_WARN_BOOL_CONVERSION = YES;
				CLANG_WARN_COMMA = YES;
				CLANG_WARN_CONSTANT_CONVERSION = YES;
				CLANG_WARN_DEPRECATED_OBJC_IMPLEMENTATIONS = YES;
				CLANG_WARN_DIRECT_OBJC_ISA_USAGE = YES_ERROR;
				CLANG_WARN_DOCUMENTATION_COMMENTS = YES;
				CLANG_WARN_EMPTY_BODY = YES;
				CLANG_WARN_ENUM_CONVERSION = YES;
				CLANG_WARN_INFINITE_RECURSION = YES;
				CLANG_WARN_INT_CONVERSION = YES;
				CLANG_WARN_NON_LITERAL_NULL_CONVERSION = YES;
				CLANG_WARN_OBJC_IMPLICIT_RETAIN_SELF = YES;
				CLANG_WARN_OBJC_LITERAL_CONVERSION = YES;
				CLANG_WARN_OBJC_ROOT_CLASS = YES_ERROR;
				CLANG_WARN_QUOTED_INCLUDE_IN_FRAMEWORK_HEADER = YES;
				CLANG_WARN_RANGE_LOOP_ANALYSIS = YES;
				CLANG_WARN_STRICT_PROTOTYPES = YES;
				CLANG_WARN_SUSPICIOUS_MOVE = YES;
				CLANG_WARN_UNGUARDED_AVAILABILITY = YES_AGGRESSIVE;
				CLANG_WARN_UNREACHABLE_CODE = YES;
				CLANG_WARN__DUPLICATE_METHOD_MATCH = YES;
				COPY_PHASE_STRIP = NO;
				DEBUG_INFORMATION_FORMAT = "dwarf-with-dsym";
				ENABLE_NS_ASSERTIONS = NO;
				ENABLE_STRICT_OBJC_MSGSEND = YES;
				GCC_C_LANGUAGE_STANDARD = gnu11;
				GCC_NO_COMMON_BLOCKS = YES;
				GCC_WARN_64_TO_32_BIT_CONVERSION = YES;
				GCC_WARN_ABOUT_RETURN_TYPE = YES_ERROR;
				GCC_WARN_UNDECLARED_SELECTOR = YES;
				GCC_WARN_UNINITIALIZED_AUTOS = YES_AGGRESSIVE;
				GCC_WARN_UNUSED_FUNCTION = YES;
				GCC_WARN_UNUSED_VARIABLE = YES;
				IPHONEOS_DEPLOYMENT_TARGET = 16.1;
				MTL_ENABLE_DEBUG_INFO = NO;
				MTL_FAST_MATH = YES;
				SDKROOT = iphoneos;
				SWIFT_COMPILATION_MODE = wholemodule;
				SWIFT_OPTIMIZATION_LEVEL = "-O";
				VALIDATE_PRODUCT = YES;
			};
			name = Release;
		};
		B09E65752ECA56D900421364 /* Debug */ = {
			isa = XCBuildConfiguration;
			buildSettings = {
				ASSETCATALOG_COMPILER_APPICON_NAME = AppIcon;
				ASSETCATALOG_COMPILER_GLOBAL_ACCENT_COLOR_NAME = AccentColor;
				CODE_SIGN_STYLE = Automatic;
				CURRENT_PROJECT_VERSION = 1;
				DEVELOPMENT_ASSET_PATHS = "\"StoryMate/Preview Content\"";
				ENABLE_PREVIEWS = YES;
				GENERATE_INFOPLIST_FILE = YES;
				INFOPLIST_FILE = StoryMate/Info.plist;
				INFOPLIST_KEY_UIApplicationSceneManifest_Generation = YES;
				INFOPLIST_KEY_UIApplicationSupportsIndirectInputEvents = YES;
				INFOPLIST_KEY_UILaunchScreen_Generation = YES;
				INFOPLIST_KEY_UISupportedInterfaceOrientations_iPad = "UIInterfaceOrientationPortrait UIInterfaceOrientationPortraitUpsideDown UIInterfaceOrientationLandscapeLeft UIInterfaceOrientationLandscapeRight";
				INFOPLIST_KEY_UISupportedInterfaceOrientations_iPhone = "UIInterfaceOrientationPortrait UIInterfaceOrientationLandscapeLeft UIInterfaceOrientationLandscapeRight";
				LD_RUNPATH_SEARCH_PATHS = (
					"$(inherited)",
					"@executable_path/Frameworks",
				);
				MARKETING_VERSION = 1.0;
				PRODUCT_BUNDLE_IDENTIFIER = tn.esprit.StoryMate;
				PRODUCT_NAME = "$(TARGET_NAME)";
				SWIFT_EMIT_LOC_STRINGS = YES;
				SWIFT_VERSION = 5.0;
				TARGETED_DEVICE_FAMILY = "1,2";
			};
			name = Debug;
		};
		B09E65762ECA56D900421364 /* Release */ = {
			isa = XCBuildConfiguration;
			buildSettings = {
				ASSETCATALOG_COMPILER_APPICON_NAME = AppIcon;
				ASSETCATALOG_COMPILER_GLOBAL_ACCENT_COLOR_NAME = AccentColor;
				CODE_SIGN_STYLE = Automatic;
				CURRENT_PROJECT_VERSION = 1;
				DEVELOPMENT_ASSET_PATHS = "\"StoryMate/Preview Content\"";
				ENABLE_PREVIEWS = YES;
				GENERATE_INFOPLIST_FILE = YES;
				INFOPLIST_FILE = StoryMate/Info.plist;
				INFOPLIST_KEY_UIApplicationSceneManifest_Generation = YES;
				INFOPLIST_KEY_UIApplicationSupportsIndirectInputEvents = YES;
				INFOPLIST_KEY_UILaunchScreen_Generation = YES;
				INFOPLIST_KEY_UISupportedInterfaceOrientations_iPad = "UIInterfaceOrientationPortrait UIInterfaceOrientationPortraitUpsideDown UIInterfaceOrientationLandscapeLeft UIInterfaceOrientationLandscapeRight";
				INFOPLIST_KEY_UISupportedInterfaceOrientations_iPhone = "UIInterfaceOrientationPortrait UIInterfaceOrientationLandscapeLeft UIInterfaceOrientationLandscapeRight";
				LD_RUNPATH_SEARCH_PATHS = (
					"$(inherited)",
					"@executable_path/Frameworks",
				);
				MARKETING_VERSION = 1.0;
				PRODUCT_BUNDLE_IDENTIFIER = tn.esprit.StoryMate;
				PRODUCT_NAME = "$(TARGET_NAME)";
				SWIFT_EMIT_LOC_STRINGS = YES;
				SWIFT_VERSION = 5.0;
				TARGETED_DEVICE_FAMILY = "1,2";
			};
			name = Release;
		};
/* End XCBuildConfiguration section */

/* Begin XCConfigurationList section */
		B09E655C2ECA56D900421364 /* Build configuration list for PBXProject "StoryMate" */ = {
			isa = XCConfigurationList;
			buildConfigurations = (
				B09E65722ECA56D900421364 /* Debug */,
				B09E65732ECA56D900421364 /* Release */,
			);
			defaultConfigurationIsVisible = 0;
			defaultConfigurationName = Release;
		};
		B09E65742ECA56D900421364 /* Build configuration list for PBXNativeTarget "StoryMate" */ = {
			isa = XCConfigurationList;
			buildConfigurations = (
				B09E65752ECA56D900421364 /* Debug */,
				B09E65762ECA56D900421364 /* Release */,
			);
			defaultConfigurationIsVisible = 0;
			defaultConfigurationName = Release;
		};
/* End XCConfigurationList section */

/* Begin XCVersionGroup section */
		B09E656F2ECA56D900421364 /* StoryMate.xcdatamodeld */ = {
			isa = XCVersionGroup;
			children = (
				B09E65702ECA56D900421364 /* StoryMate.xcdatamodel */,
			);
			currentVersion = B09E65702ECA56D900421364 /* StoryMate.xcdatamodel */;
			path = StoryMate.xcdatamodeld;
			sourceTree = "<group>";
			versionGroupType = wrapper.xcdatamodel;
		};
/* End XCVersionGroup section */
	};
	rootObject = B09E65592ECA56D900421364 /* Project object */;
}
